
Microsoft Visual Studio Solution File, Format Version 12.00
# Visual Studio Version 17
VisualStudioVersion = 17.4.33103.184
MinimumVisualStudioVersion = 10.0.40219.1
Project("{9A19103F-16F7-4668-BE54-9A1E7A4F7556}") = "FeeCollectorApplication", "FeeCollectorApplication.csproj", "{EEDD0B41-345B-42F9-B907-E7139104BCBF}"
EndProject
Project("{FAE04EC0-301F-11D3-BF4B-00C04F79EFBC}") = "Data", "..\Data\Data.csproj", "{11F04F32-F86D-4C69-BB02-D6FC5E52E74C}"
EndProject
Project("{FAE04EC0-301F-11D3-BF4B-00C04F79EFBC}") = "Models", "..\Models\Models.csproj", "{FDCAB21F-CC69-4589-908D-063C693FC42F}"
EndProject
Project("{FAE04EC0-301F-11D3-BF4B-00C04F79EFBC}") = "Utility", "..\Utility\Utility.csproj", "{8FFD65E0-CEB8-408F-B8B9-67C147A68787}"
EndProject
Project("{FAE04EC0-301F-11D3-BF4B-00C04F79EFBC}") = "Service", "..\Service\Service.csproj", "{EC9ADC63-88DF-4160-BEE1-67612FC345CD}"
EndProject
Global
	GlobalSection(SolutionConfigurationPlatforms) = preSolution
		Debug|Any CPU = Debug|Any CPU
		Release|Any CPU = Release|Any CPU
	EndGlobalSection
	GlobalSection(ProjectConfigurationPlatforms) = postSolution
		{EEDD0B41-345B-42F9-B907-E7139104BCBF}.Debug|Any CPU.ActiveCfg = Debug|Any CPU
		{EEDD0B41-345B-42F9-B907-E7139104BCBF}.Debug|Any CPU.Build.0 = Debug|Any CPU
		{EEDD0B41-345B-42F9-B907-E7139104BCBF}.Release|Any CPU.ActiveCfg = Release|Any CPU
		{EEDD0B41-345B-42F9-B907-E7139104BCBF}.Release|Any CPU.Build.0 = Release|Any CPU
		{11F04F32-F86D-4C69-BB02-D6FC5E52E74C}.Debug|Any CPU.ActiveCfg = Debug|Any CPU
		{11F04F32-F86D-4C69-BB02-D6FC5E52E74C}.Debug|Any CPU.Build.0 = Debug|Any CPU
		{11F04F32-F86D-4C69-BB02-D6FC5E52E74C}.Release|Any CPU.ActiveCfg = Release|Any CPU
		{11F04F32-F86D-4C69-BB02-D6FC5E52E74C}.Release|Any CPU.Build.0 = Release|Any CPU
		{FDCAB21F-CC69-4589-908D-063C693FC42F}.Debug|Any CPU.ActiveCfg = Debug|Any CPU
		{FDCAB21F-CC69-4589-908D-063C693FC42F}.Debug|Any CPU.Build.0 = Debug|Any CPU
		{FDCAB21F-CC69-4589-908D-063C693FC42F}.Release|Any CPU.ActiveCfg = Release|Any CPU
		{FDCAB21F-CC69-4589-908D-063C693FC42F}.Release|Any CPU.Build.0 = Release|Any CPU
		{8FFD65E0-CEB8-408F-B8B9-67C147A68787}.Debug|Any CPU.ActiveCfg = Debug|Any CPU
		{8FFD65E0-CEB8-408F-B8B9-67C147A68787}.Debug|Any CPU.Build.0 = Debug|Any CPU
		{8FFD65E0-CEB8-408F-B8B9-67C147A68787}.Release|Any CPU.ActiveCfg = Release|Any CPU
		{8FFD65E0-CEB8-408F-B8B9-67C147A68787}.Release|Any CPU.Build.0 = Release|Any CPU
		{EC9ADC63-88DF-4160-BEE1-67612FC345CD}.Debug|Any CPU.ActiveCfg = Debug|Any CPU
		{EC9ADC63-88DF-4160-BEE1-67612FC345CD}.Debug|Any CPU.Build.0 = Debug|Any CPU
		{EC9ADC63-88DF-4160-BEE1-67612FC345CD}.Release|Any CPU.ActiveCfg = Release|Any CPU
		{EC9ADC63-88DF-4160-BEE1-67612FC345CD}.Release|Any CPU.Build.0 = Release|Any CPU
	EndGlobalSection
	GlobalSection(SolutionProperties) = preSolution
		HideSolutionNode = FALSE
	EndGlobalSection
	GlobalSection(ExtensibilityGlobals) = postSolution
		SolutionGuid = {EF7683CD-D1B9-44B8-A9CA-BFBC3D9969BF}
	EndGlobalSection
EndGlobal
